// !$*UTF8*$!
{
	archiveVersion = 1;
	classes = {
	};
	objectVersion = 50;
	objects = {

/* Begin PBXBuildFile section */
		6D808BB323EA189400554817 /* AppDelegate.swift in Sources */ = {isa = PBXBuildFile; fileRef = 6D808BB223EA189400554817 /* AppDelegate.swift */; };
		6D808BB523EA189400554817 /* SceneDelegate.swift in Sources */ = {isa = PBXBuildFile; fileRef = 6D808BB423EA189400554817 /* SceneDelegate.swift */; };
		6D808BBA23EA189400554817 /* Main.storyboard in Resources */ = {isa = PBXBuildFile; fileRef = 6D808BB823EA189400554817 /* Main.storyboard */; };
		6D808BBC23EA189900554817 /* Assets.xcassets in Resources */ = {isa = PBXBuildFile; fileRef = 6D808BBB23EA189900554817 /* Assets.xcassets */; };
		6D808BBF23EA189900554817 /* LaunchScreen.storyboard in Resources */ = {isa = PBXBuildFile; fileRef = 6D808BBD23EA189900554817 /* LaunchScreen.storyboard */; };
		6D808BC923EA199A00554817 /* CloudKit.framework in Frameworks */ = {isa = PBXBuildFile; fileRef = 6D808BC823EA199A00554817 /* CloudKit.framework */; };
		6D808BD323EA1A1900554817 /* Entry.swift in Sources */ = {isa = PBXBuildFile; fileRef = 6D808BD223EA1A1900554817 /* Entry.swift */; };
		6D808BD523EA230200554817 /* EntryController.swift in Sources */ = {isa = PBXBuildFile; fileRef = 6D808BD423EA230200554817 /* EntryController.swift */; };
		6D808BD723EA2F9100554817 /* EntryListTableViewController.swift in Sources */ = {isa = PBXBuildFile; fileRef = 6D808BD623EA2F9100554817 /* EntryListTableViewController.swift */; };
		6D808BD923EA327F00554817 /* EntryDetailViewController.swift in Sources */ = {isa = PBXBuildFile; fileRef = 6D808BD823EA327F00554817 /* EntryDetailViewController.swift */; };
/* End PBXBuildFile section */

/* Begin PBXFileReference section */
		6D808BAF23EA189400554817 /* JournalCK.app */ = {isa = PBXFileReference; explicitFileType = wrapper.application; includeInIndex = 0; path = JournalCK.app; sourceTree = BUILT_PRODUCTS_DIR; };
		6D808BB223EA189400554817 /* AppDelegate.swift */ = {isa = PBXFileReference; lastKnownFileType = sourcecode.swift; path = AppDelegate.swift; sourceTree = "<group>"; };
		6D808BB423EA189400554817 /* SceneDelegate.swift */ = {isa = PBXFileReference; lastKnownFileType = sourcecode.swift; path = SceneDelegate.swift; sourceTree = "<group>"; };
		6D808BB923EA189400554817 /* Base */ = {isa = PBXFileReference; lastKnownFileType = file.storyboard; name = Base; path = Base.lproj/Main.storyboard; sourceTree = "<group>"; };
		6D808BBB23EA189900554817 /* Assets.xcassets */ = {isa = PBXFileReference; lastKnownFileType = folder.assetcatalog; path = Assets.xcassets; sourceTree = "<group>"; };
		6D808BBE23EA189900554817 /* Base */ = {isa = PBXFileReference; lastKnownFileType = file.storyboard; name = Base; path = Base.lproj/LaunchScreen.storyboard; sourceTree = "<group>"; };
		6D808BC023EA189900554817 /* Info.plist */ = {isa = PBXFileReference; lastKnownFileType = text.plist.xml; path = Info.plist; sourceTree = "<group>"; };
		6D808BC623EA198200554817 /* JournalCK.entitlements */ = {isa = PBXFileReference; lastKnownFileType = text.plist.entitlements; path = JournalCK.entitlements; sourceTree = "<group>"; };
		6D808BC823EA199A00554817 /* CloudKit.framework */ = {isa = PBXFileReference; lastKnownFileType = wrapper.framework; name = CloudKit.framework; path = System/Library/Frameworks/CloudKit.framework; sourceTree = SDKROOT; };
		6D808BD223EA1A1900554817 /* Entry.swift */ = {isa = PBXFileReference; lastKnownFileType = sourcecode.swift; path = Entry.swift; sourceTree = "<group>"; };
		6D808BD423EA230200554817 /* EntryController.swift */ = {isa = PBXFileReference; lastKnownFileType = sourcecode.swift; path = EntryController.swift; sourceTree = "<group>"; };
		6D808BD623EA2F9100554817 /* EntryListTableViewController.swift */ = {isa = PBXFileReference; lastKnownFileType = sourcecode.swift; path = EntryListTableViewController.swift; sourceTree = "<group>"; };
		6D808BD823EA327F00554817 /* EntryDetailViewController.swift */ = {isa = PBXFileReference; lastKnownFileType = sourcecode.swift; path = EntryDetailViewController.swift; sourceTree = "<group>"; };
/* End PBXFileReference section */

/* Begin PBXFrameworksBuildPhase section */
		6D808BAC23EA189400554817 /* Frameworks */ = {
			isa = PBXFrameworksBuildPhase;
			buildActionMask = 2147483647;
			files = (
				6D808BC923EA199A00554817 /* CloudKit.framework in Frameworks */,
			);
			runOnlyForDeploymentPostprocessing = 0;
		};
/* End PBXFrameworksBuildPhase section */

/* Begin PBXGroup section */
		6D808BA623EA189400554817 = {
			isa = PBXGroup;
			children = (
				6D808BB123EA189400554817 /* JournalCK */,
				6D808BB023EA189400554817 /* Products */,
				6D808BC723EA199A00554817 /* Frameworks */,
			);
			sourceTree = "<group>";
		};
		6D808BB023EA189400554817 /* Products */ = {
			isa = PBXGroup;
			children = (
				6D808BAF23EA189400554817 /* JournalCK.app */,
			);
			name = Products;
			sourceTree = "<group>";
		};
		6D808BB123EA189400554817 /* JournalCK */ = {
			isa = PBXGroup;
			children = (
				6D808BC623EA198200554817 /* JournalCK.entitlements */,
				6D808BCB23EA19AD00554817 /* Storyboards */,
				6D808BCC23EA19BD00554817 /* Models */,
				6D808BCE23EA19C900554817 /* Views */,
				6D808BCD23EA19C000554817 /* Controllers */,
				6D808BCA23EA19A600554817 /* Resources */,
			);
			path = JournalCK;
			sourceTree = "<group>";
		};
		6D808BC723EA199A00554817 /* Frameworks */ = {
			isa = PBXGroup;
			children = (
				6D808BC823EA199A00554817 /* CloudKit.framework */,
			);
			name = Frameworks;
			sourceTree = "<group>";
		};
		6D808BCA23EA19A600554817 /* Resources */ = {
			isa = PBXGroup;
			children = (
				6D808BB223EA189400554817 /* AppDelegate.swift */,
				6D808BB423EA189400554817 /* SceneDelegate.swift */,
				6D808BBB23EA189900554817 /* Assets.xcassets */,
				6D808BC023EA189900554817 /* Info.plist */,
			);
			path = Resources;
			sourceTree = "<group>";
		};
		6D808BCB23EA19AD00554817 /* Storyboards */ = {
			isa = PBXGroup;
			children = (
				6D808BB823EA189400554817 /* Main.storyboard */,
				6D808BBD23EA189900554817 /* LaunchScreen.storyboard */,
			);
			path = Storyboards;
			sourceTree = "<group>";
		};
		6D808BCC23EA19BD00554817 /* Models */ = {
			isa = PBXGroup;
			children = (
				6D808BD223EA1A1900554817 /* Entry.swift */,
			);
			path = Models;
			sourceTree = "<group>";
		};
		6D808BCD23EA19C000554817 /* Controllers */ = {
			isa = PBXGroup;
			children = (
				6D808BD023EA19D600554817 /* ModelControllers */,
				6D808BCF23EA19D000554817 /* ViewControllers */,
			);
			path = Controllers;
			sourceTree = "<group>";
		};
		6D808BCE23EA19C900554817 /* Views */ = {
			isa = PBXGroup;
			children = (
			);
			path = Views;
			sourceTree = "<group>";
		};
		6D808BCF23EA19D000554817 /* ViewControllers */ = {
			isa = PBXGroup;
			children = (
				6D808BD623EA2F9100554817 /* EntryListTableViewController.swift */,
				6D808BD823EA327F00554817 /* EntryDetailViewController.swift */,
			);
			path = ViewControllers;
			sourceTree = "<group>";
		};
		6D808BD023EA19D600554817 /* ModelControllers */ = {
			isa = PBXGroup;
			children = (
				6D808BD423EA230200554817 /* EntryController.swift */,
			);
			path = ModelControllers;
			sourceTree = "<group>";
		};
/* End PBXGroup section */

/* Begin PBXNativeTarget section */
		6D808BAE23EA189400554817 /* JournalCK */ = {
			isa = PBXNativeTarget;
			buildConfigurationList = 6D808BC323EA189900554817 /* Build configuration list for PBXNativeTarget "JournalCK" */;
			buildPhases = (
				6D808BAB23EA189400554817 /* Sources */,
				6D808BAC23EA189400554817 /* Frameworks */,
				6D808BAD23EA189400554817 /* Resources */,
			);
			buildRules = (
			);
			dependencies = (
			);
			name = JournalCK;
			productName = JournalCK;
			productReference = 6D808BAF23EA189400554817 /* JournalCK.app */;
			productType = "com.apple.product-type.application";
		};
/* End PBXNativeTarget section */

/* Begin PBXProject section */
		6D808BA723EA189400554817 /* Project object */ = {
			isa = PBXProject;
			attributes = {
				LastSwiftUpdateCheck = 1130;
				LastUpgradeCheck = 1130;
				ORGANIZATIONNAME = "Jon Corn";
				TargetAttributes = {
					6D808BAE23EA189400554817 = {
						CreatedOnToolsVersion = 11.3.1;
					};
				};
			};
			buildConfigurationList = 6D808BAA23EA189400554817 /* Build configuration list for PBXProject "JournalCK" */;
			compatibilityVersion = "Xcode 9.3";
			developmentRegion = en;
			hasScannedForEncodings = 0;
			knownRegions = (
				en,
				Base,
			);
			mainGroup = 6D808BA623EA189400554817;
			productRefGroup = 6D808BB023EA189400554817 /* Products */;
			projectDirPath = "";
			projectRoot = "";
			targets = (
				6D808BAE23EA189400554817 /* JournalCK */,
			);
		};
/* End PBXProject section */

/* Begin PBXResourcesBuildPhase section */
		6D808BAD23EA189400554817 /* Resources */ = {
			isa = PBXResourcesBuildPhase;
			buildActionMask = 2147483647;
			files = (
				6D808BBF23EA189900554817 /* LaunchScreen.storyboard in Resources */,
				6D808BBC23EA189900554817 /* Assets.xcassets in Resources */,
				6D808BBA23EA189400554817 /* Main.storyboard in Resources */,
			);
			runOnlyForDeploymentPostprocessing = 0;
		};
/* End PBXResourcesBuildPhase section */

/* Begin PBXSourcesBuildPhase section */
		6D808BAB23EA189400554817 /* Sources */ = {
			isa = PBXSourcesBuildPhase;
			buildActionMask = 2147483647;
			files = (
				6D808BD323EA1A1900554817 /* Entry.swift in Sources */,
				6D808BD723EA2F9100554817 /* EntryListTableViewController.swift in Sources */,
				6D808BB323EA189400554817 /* AppDelegate.swift in Sources */,
				6D808BD523EA230200554817 /* EntryController.swift in Sources */,
				6D808BD923EA327F00554817 /* EntryDetailViewController.swift in Sources */,
				6D808BB523EA189400554817 /* SceneDelegate.swift in Sources */,
			);
			runOnlyForDeploymentPostprocessing = 0;
		};
/* End PBXSourcesBuildPhase section */

/* Begin PBXVariantGroup section */
		6D808BB823EA189400554817 /* Main.storyboard */ = {
			isa = PBXVariantGroup;
			children = (
				6D808BB923EA189400554817 /* Base */,
			);
			name = Main.storyboard;
			sourceTree = "<group>";
		};
		6D808BBD23EA189900554817 /* LaunchScreen.storyboard */ = {
			isa = PBXVariantGroup;
			children = (
				6D808BBE23EA189900554817 /* Base */,
			);
			name = LaunchScreen.storyboard;
			sourceTree = "<group>";
		};
/* End PBXVariantGroup section */

/* Begin XCBuildConfiguration section */
		6D808BC123EA189900554817 /* Debug */ = {
			isa = XCBuildConfiguration;
			buildSettings = {
				ALWAYS_SEARCH_USER_PATHS = NO;
				CLANG_ANALYZER_NONNULL = YES;
				CLANG_ANALYZER_NUMBER_OBJECT_CONVERSION = YES_AGGRESSIVE;
				CLANG_CXX_LANGUAGE_STANDARD = "gnu++14";
				CLANG_CXX_LIBRARY = "libc++";
				CLANG_ENABLE_MODULES = YES;
				CLANG_ENABLE_OBJC_ARC = YES;
				CLANG_ENABLE_OBJC_WEAK = YES;
				CLANG_WARN_BLOCK_CAPTURE_AUTORELEASING = YES;
				CLANG_WARN_BOOL_CONVERSION = YES;
				CLANG_WARN_COMMA = YES;
				CLANG_WARN_CONSTANT_CONVERSION = YES;
				CLANG_WARN_DEPRECATED_OBJC_IMPLEMENTATIONS = YES;
				CLANG_WARN_DIRECT_OBJC_ISA_USAGE = YES_ERROR;
				CLANG_WARN_DOCUMENTATION_COMMENTS = YES;
				CLANG_WARN_EMPTY_BODY = YES;
				CLANG_WARN_ENUM_CONVERSION = YES;
				CLANG_WARN_INFINITE_RECURSION = YES;
				CLANG_WARN_INT_CONVERSION = YES;
				CLANG_WARN_NON_LITERAL_NULL_CONVERSION = YES;
				CLANG_WARN_OBJC_IMPLICIT_RETAIN_SELF = YES;
				CLANG_WARN_OBJC_LITERAL_CONVERSION = YES;
				CLANG_WARN_OBJC_ROOT_CLASS = YES_ERROR;
				CLANG_WARN_RANGE_LOOP_ANALYSIS = YES;
				CLANG_WARN_STRICT_PROTOTYPES = YES;
				CLANG_WARN_SUSPICIOUS_MOVE = YES;
				CLANG_WARN_UNGUARDED_AVAILABILITY = YES_AGGRESSIVE;
				CLANG_WARN_UNREACHABLE_CODE = YES;
				CLANG_WARN__DUPLICATE_METHOD_MATCH = YES;
				COPY_PHASE_STRIP = NO;
				DEBUG_INFORMATION_FORMAT = dwarf;
				ENABLE_STRICT_OBJC_MSGSEND = YES;
				ENABLE_TESTABILITY = YES;
				GCC_C_LANGUAGE_STANDARD = gnu11;
				GCC_DYNAMIC_NO_PIC = NO;
				GCC_NO_COMMON_BLOCKS = YES;
				GCC_OPTIMIZATION_LEVEL = 0;
				GCC_PREPROCESSOR_DEFINITIONS = (
					"DEBUG=1",
					"$(inherited)",
				);
				GCC_WARN_64_TO_32_BIT_CONVERSION = YES;
				GCC_WARN_ABOUT_RETURN_TYPE = YES_ERROR;
				GCC_WARN_UNDECLARED_SELECTOR = YES;
				GCC_WARN_UNINITIALIZED_AUTOS = YES_AGGRESSIVE;
				GCC_WARN_UNUSED_FUNCTION = YES;
				GCC_WARN_UNUSED_VARIABLE = YES;
				IPHONEOS_DEPLOYMENT_TARGET = 13.2;
				MTL_ENABLE_DEBUG_INFO = INCLUDE_SOURCE;
				MTL_FAST_MATH = YES;
				ONLY_ACTIVE_ARCH = YES;
				SDKROOT = iphoneos;
				SWIFT_ACTIVE_COMPILATION_CONDITIONS = DEBUG;
				SWIFT_OPTIMIZATION_LEVEL = "-Onone";
			};
			name = Debug;
		};
		6D808BC223EA189900554817 /* Release */ = {
			isa = XCBuildConfiguration;
			buildSettings = {
				ALWAYS_SEARCH_USER_PATHS = NO;
				CLANG_ANALYZER_NONNULL = YES;
				CLANG_ANALYZER_NUMBER_OBJECT_CONVERSION = YES_AGGRESSIVE;
				CLANG_CXX_LANGUAGE_STANDARD = "gnu++14";
				CLANG_CXX_LIBRARY = "libc++";
				CLANG_ENABLE_MODULES = YES;
				CLANG_ENABLE_OBJC_ARC = YES;
				CLANG_ENABLE_OBJC_WEAK = YES;
				CLANG_WARN_BLOCK_CAPTURE_AUTORELEASING = YES;
				CLANG_WARN_BOOL_CONVERSION = YES;
				CLANG_WARN_COMMA = YES;
				CLANG_WARN_CONSTANT_CONVERSION = YES;
				CLANG_WARN_DEPRECATED_OBJC_IMPLEMENTATIONS = YES;
				CLANG_WARN_DIRECT_OBJC_ISA_USAGE = YES_ERROR;
				CLANG_WARN_DOCUMENTATION_COMMENTS = YES;
				CLANG_WARN_EMPTY_BODY = YES;
				CLANG_WARN_ENUM_CONVERSION = YES;
				CLANG_WARN_INFINITE_RECURSION = YES;
				CLANG_WARN_INT_CONVERSION = YES;
				CLANG_WARN_NON_LITERAL_NULL_CONVERSION = YES;
				CLANG_WARN_OBJC_IMPLICIT_RETAIN_SELF = YES;
				CLANG_WARN_OBJC_LITERAL_CONVERSION = YES;
				CLANG_WARN_OBJC_ROOT_CLASS = YES_ERROR;
				CLANG_WARN_RANGE_LOOP_ANALYSIS = YES;
				CLANG_WARN_STRICT_PROTOTYPES = YES;
				CLANG_WARN_SUSPICIOUS_MOVE = YES;
				CLANG_WARN_UNGUARDED_AVAILABILITY = YES_AGGRESSIVE;
				CLANG_WARN_UNREACHABLE_CODE = YES;
				CLANG_WARN__DUPLICATE_METHOD_MATCH = YES;
				COPY_PHASE_STRIP = NO;
				DEBUG_INFORMATION_FORMAT = "dwarf-with-dsym";
				ENABLE_NS_ASSERTIONS = NO;
				ENABLE_STRICT_OBJC_MSGSEND = YES;
				GCC_C_LANGUAGE_STANDARD = gnu11;
				GCC_NO_COMMON_BLOCKS = YES;
				GCC_WARN_64_TO_32_BIT_CONVERSION = YES;
				GCC_WARN_ABOUT_RETURN_TYPE = YES_ERROR;
				GCC_WARN_UNDECLARED_SELECTOR = YES;
				GCC_WARN_UNINITIALIZED_AUTOS = YES_AGGRESSIVE;
				GCC_WARN_UNUSED_FUNCTION = YES;
				GCC_WARN_UNUSED_VARIABLE = YES;
				IPHONEOS_DEPLOYMENT_TARGET = 13.2;
				MTL_ENABLE_DEBUG_INFO = NO;
				MTL_FAST_MATH = YES;
				SDKROOT = iphoneos;
				SWIFT_COMPILATION_MODE = wholemodule;
				SWIFT_OPTIMIZATION_LEVEL = "-O";
				VALIDATE_PRODUCT = YES;
			};
			name = Release;
		};
		6D808BC423EA189900554817 /* Debug */ = {
			isa = XCBuildConfiguration;
			buildSettings = {
				ASSETCATALOG_COMPILER_APPICON_NAME = AppIcon;
				CODE_SIGN_ENTITLEMENTS = JournalCK/JournalCK.entitlements;
				CODE_SIGN_STYLE = Automatic;
				DEVELOPMENT_TEAM = GL869MT3HY;
				INFOPLIST_FILE = JournalCK/Info.plist;
				LD_RUNPATH_SEARCH_PATHS = (
					"$(inherited)",
					"@executable_path/Frameworks",
				);
				PRODUCT_BUNDLE_IDENTIFIER = com.joncorn.JournalCK;
				PRODUCT_NAME = "$(TARGET_NAME)";
				SWIFT_VERSION = 5.0;
				TARGETED_DEVICE_FAMILY = "1,2";
			};
			name = Debug;
		};
		6D808BC523EA189900554817 /* Release */ = {
			isa = XCBuildConfiguration;
			buildSettings = {
				ASSETCATALOG_COMPILER_APPICON_NAME = AppIcon;
				CODE_SIGN_ENTITLEMENTS = JournalCK/JournalCK.entitlements;
				CODE_SIGN_STYLE = Automatic;
				INFOPLIST_FILE = JournalCK/Info.plist;
				LD_RUNPATH_SEARCH_PATHS = (
					"$(inherited)",
					"@executable_path/Frameworks",
				);
				PRODUCT_BUNDLE_IDENTIFIER = com.joncorn.JournalCK;
				PRODUCT_NAME = "$(TARGET_NAME)";
				SWIFT_VERSION = 5.0;
				TARGETED_DEVICE_FAMILY = "1,2";
			};
			name = Release;
		};
/* End XCBuildConfiguration section */

/* Begin XCConfigurationList section */
		6D808BAA23EA189400554817 /* Build configuration list for PBXProject "JournalCK" */ = {
			isa = XCConfigurationList;
			buildConfigurations = (
				6D808BC123EA189900554817 /* Debug */,
				6D808BC223EA189900554817 /* Release */,
			);
			defaultConfigurationIsVisible = 0;
			defaultConfigurationName = Release;
		};
		6D808BC323EA189900554817 /* Build configuration list for PBXNativeTarget "JournalCK" */ = {
			isa = XCConfigurationList;
			buildConfigurations = (
				6D808BC423EA189900554817 /* Debug */,
				6D808BC523EA189900554817 /* Release */,
			);
			defaultConfigurationIsVisible = 0;
			defaultConfigurationName = Release;
		};
/* End XCConfigurationList section */
	};
	rootObject = 6D808BA723EA189400554817 /* Project object */;
}
